{
  "originHash" : "5c59415f589cee2227777f5fe2e00a107c3d9134f71aaee9a6a7b61313145694",
  "pins" : [
    {
      "identity" : "capacitor-swift-pm",
      "kind" : "remoteSourceControl",
      "location" : "https://github.com/ionic-team/capacitor-swift-pm.git",
      "state" : {
        "revision" : "9b9fb0af76b2b653f6e9b999f658adc132b9ab4c",
        "version" : "8.4.2"
      }
    },
    {
      "identity" : "osbarcodelib-ios",
      "kind" : "remoteSourceControl",
      "location" : "https://github.com/OutSystems/OSBarcodeLib-iOS.git",
      "state" : {
        "revision" : "7f9d166289c10601bfbed95cd3ec56019870ce1b",
        "version" : "2.2.1"
      }
    }
  ],
  "version" : 3
}
